DQQk2vwoDJc5p1dhW9P2YLROrg+d0Hu2BrY57Fdi8PSS6OBBiXzCNok1YsH03cjMteortVgpdOrXPieiUjbP4HNM15sAHgAf0ewDBm0h27+rD4lh+1Ja7+v/7yGDfO9O0FPCUXl7juy5I7Lv/ug2h9R0Xda3WMgNFo96vuBWNSl8AqQ/BfXANTY2vurLOFvKbqeRTRHa12vP+Csl/if1HpcHu+o8P7tnfQJd9P9MF8S27/DeXR5qSCb/R0PtnNH0r94Qs9XShnqFdgd4G6gsB7yB3RaJ4EHeZuv0+D84kzzP2Vd9h+KwMMR6Ck5jROAVUKetTZ+pWCWTswy6sY35UYk2sCLPtK5ncpZr3Acf5MY1dl8CzOUqGSTFKgh/uCEdK9vGex+Aj9BkTkaFruKPdrp/OdGE3Sbsx+MXEPSAkSrswQNqr8utucd9htMQlbvt2yebG0pe+3rfdvAeJLTpAZLMkhGB+cbE5glWp8xEnYGRqxI5cDlmxAIjjTlO0U7oN+PtykHLUGqcaSpPCsk/DxA8MsnWEz4vRFpshBWoheRec332zbXUStgP8Awg7sgIOWeFTmR3RfyQR37wMnNQpdq7/s1v0ytyyZM66mHT9XKcMa//EzT1El76Q1AzCiN1jWvwewJaU9kiKBtrT//CXcaOY8Jm0kpgh2WUN98aNK21tWIKyC0vQMtz3/IzXPAkl3Cb/2OLVXZoiFL2eYPkLOpAbg+s1HQc4u7sCUOZaypLOZ0vLwc0GEYsusfxcNAfV4QqKil0CqEq0Du+aUGGs2QHjZ9jEZBklsHOoarJDgz4Ii+NKsKcGaEquEut3x8sVvJLPmZLbux8Lq3hZx3YqYYfcpsn64e7reYYRzW4voBNkjdHcrwilJDogtg5fgGVEx3CMOfhOnv5Et1uej/VrtcLyV7FlS/+hZNdJAkh3RPVCD15MpHUneUs/6B0fgB64BsWzdGZNW61dfCOpmXxSroZmtUAAXvaKH7VHOypESF1rOky0tB2zQWOOcWJuwFq5bQOJwTzNflQ6kslnefbYvD+4iaTPSb03aeKGWApmPx5kHU3KqccUlG2sQ7kn3JSEdO/gw9NkMpRD0TBRTjDXlPlUrDdJ5z5DgiMlaBhUtf4jv/fXTahcjU0eYUaqBoAvp0rw1LInrzd3aewF1yx/O2yV6h56FN2PCJjpuU8FMDgUdU0elpSR/1k8ZYpEAFTUKK1uoUDojxQXM60dE/ZYN81AQm6F7ckgdvbsyI5MwyxMv2v+piHCv0ruZj2e203Wmtr0S5/zxcJCGRZKfLSlgKti6BV/XGE43hinRtgQ182OY81pWdVNgf+L9xkimbNfs1o2J2NGILoFO9PkHYju7XewVDCmAzB6471vzzr3lmP4pykLuFFRrND9u2mRnKYuCGPRG7NUfF+rUqEkhRIDqvmdxOK6H4OHAsZoN3oiPhB7AlwUlGA3GIj2Zpqj+UrfGOtqm2pJoqwCZbSX4x4CJQGq3ItN5FyMHXmV+s9vf2xAdvPIhM5WHn3ECk8iEySqlDADlldSHjifJ5JzzqzHGeDVzhccIgnOdBtXN2ZJ6IwkFgwyaaAxZEoNjpX45lRwocC+NIgl4SurD+93s6gOMPoVq5LtrIl+RikC0jLXh3SnH8OqvBXUl1kjBkBPjIk+Cmtvg2uZ92RCM7Qv0nUWSley5nEhw4Lvl66h8A8T6e0K7l/q/8KQnkkoHsbyi32nnz3HpSUOgCM+7A4Mp4ntVa8N15REc5j/nUPc0TuJqzVkuG7ynWGZ7AftmigeUfdPwHlYjrwvA076ue7abqLaOLqq2XS9QLxOrDVshVv0kYtaBo39Vkhrb7ITVtOs2GuCNRv5l2U3gHwu5x+JAzLq6EfS4bfr8ucCbjW6okfEDukTnqtZ9GfQ3N1EtL9LqE2F6emaJU2SjLiF8NVwtGd0LWrXXm495ecJBVLq/njF2ySx6mgUTtiZaomBKCZCnnP+4iGHQYOhSMLUVsQQwv+ymeHd8DRR0NVWJEukLD/VBE19Vx4whK1Ahw8HeR1UjU/lIxVl8pg8gi9aZtEMU+WAOGfZz9CebwBfvZND3YC5X5L2STPi8tHp0FSONx+p7JbpDmfLLhTzwOSerpwIb12CQ55yKGpah01f9t2lWHiAP7H8GfTHIUzgF9m/ie1B7Lvc2YtuIZbHJddSwezWZqvd0knvAV9cLkRc3/x3VuWRcDOqQWyrbuEWnM/PbcihDKQwcFjfbuFKBtKPZW1xjLGxUmVyk+Mfjzd3W+hn831fSGN9zK1uMRHL9qvJge1B6abdeATwiqd6WcFAjOTCxuoFePDXxZt5UhvCKj0sI5L/Nm8d07HrDUf7Q8RYXlXTVYV8J5NaRFLcVkwAUI2Vd2pxeTs2ULV6Fb9MDdNyZHeQCRM0ZGtobKOiJYcpb+4M++pgqb3rP1aO/Yi5HyQeCuUoFbSs1KUkaDAzdyavg98g4bp8Vg8FoLjTtzHbobaG5bwWk5RuBWVOMEbai4Wz0MCnqfdZyLDTpZT1CFOueOVeJS0KaE9RsGRVsJvnH4gXVvRRSnbqb40wMD6iPAHlkQneRFYcYkURfu1CJFTYYUJRFDsArlvK0P8S+fPIF9327UODfVMn+yjW766PTOcwkecp1gEGaqTTsoexpAwioYN7GCdTLYnyPyWPDn15VQl3N8qGxSVsEtLwLkTJ4JOKFvn1vRqv05iR1Ah0N5RPACJ4IWbV4HvcazS0/k/8wo+KyfDuCfERYiYRAdXWFNcgi32sefwMOD4Ak9myO8JZwKSHn3jvGhl129AD5WyKU5aTlvNTNA0nJuq6uJwKAxia+uXL4+ij/drRYlz7Rd4Gmo4CEwnTCSASP7De9eVof02dR0UtFqD8f8ErR0cScvzcJHqQdvqnSFaOcBz3N3+PtzasmKrAnkByRdc/OFd06TztItYqCs4t9XaRe0xne65uzlf4uOdAF60cpk/sABdXY6eYi33jHH0DDmm/mkcRba9wsBHJDF/zzclzq3LoIGqCe+pXPtc4iwSa9+OkH4HKMHm1IftHW7UdZwaSsYR+0aw+rbU3GrcZHOQ5M2UykFPPKE/ImujTZPfmsOb/GxhL51XlK6UD8JKvAz80yAsJ9f8pbZH9ZSEbRe567y+otNc28IqvTwDkGTti1bE3a/ld4hfmy3FZGU+YwoqBY27oTzn2wXe3t509pjE6KBO6fUcthmUjvz3Z1jXgi/aVqe3pcwTYjQoojhmQcXgnTSFPRML+ZhJrsq6VXFG7JIaZIoQWTF6rqCuK9KZx58dVIChVxjlkxeQxrdSQQDjxwi3dHLtrS4rXqXJckP0jBzqboVsTf0wzQXW3O2BPmRAwb+oqWsInxwE1w9S95whUZ4oAxmS/52yX39t4/JS8a+Jyf6ZezXku2Ton0u/CSNRZSa2J17Ns9wMfGsWr6iY9EWvkgifk1tCHfiVmFarcI6FCU+YhD7D6w0dHPNqWgOGovA2CgrcQgx1tNWMN1F1dxy8FzZfx/L0hUqOmnEinH0bLZ6cxT/QkEtztuANSvX1huD/sVqFTHAv7+kM/O6hkI/rQ/DEMHaBGnWmU3uycJdo6sR+KV6MlAQBneJDwOUWkM5GaO3dpM/fjrfZR0IUrFLBA2ZWywf+zjm8voxpfFWis3UbKhY1MO8daQWE1K5NtcF1uZTd55N7P7zAzZN2xfLgcvFUGWDtl4crNtX3R7uWrTKQjcvENEwrPO+L4guaGXCfnKkHjEFQAM0onwRT+YaAgg3iOEMYSj/4c7hXYoSFhab8SBHKANUqEevRTS6GrqOBehUteUrlryA7i6+7KoBA+1jyxqHkYAIE35pCEK3BIR52igbKH+mIK0YGUh3WmE7vuvN27DQgL8VvVw88tqHA8b7UQnqo3C8ZiXAQCDeqZpAaTVLmbBxL3CKmw5CmUJU5m6nKEoCnReEDJz0t5ELgMaKduK9bQFjj3Ugj+yu4qHW/1RxvvE+C/xEqZFYkpSojrjaC9VbC/CMOxbbooirBk8Lah1kLjhErw1h/c8dJbTGEEbpkN6lyJOzbpyV1a21DJnN6BBD542s7atDPgeTCWLv8Z+eSnRHZVE0YCduMl5e0g+bCtHHQISfNMlE79pGsLcEfpUyP7RSuFV5Jq0umO0Ah8dGKq3AycP2XiiOwnpxOkNl7tNPAKRcVFES5wM2/+cFScMmXZaGxQzFRYx77UZOvN4RuYu7/PqlHJk/3W3RubyNjFXlJ8RbCdmj6ddMwnVKtO4WuGgzxrAb/I811aqznJCkJ9iEXjyLgzmPUlc0NcNVU7QR0zYbfkLm6iSq+1XnlxPJxgEcoiBvc1hLqDiBOFYppYKiBTGpy1VqX/D/pSlm60uAPcCq6xeLIDH3KNDRj8QdefngErHOVM2L7w5+dvlrIXsj7SYbvtBZ5q/VLBgtunxxqqodT2B3FRlMn1eCWk9jV3UwwMgQif7PJvoMslEKubUumY8R5DACBBk9nRhRfmWBbLI6wDV38Av+3xk8VVWG4j7b+ZwkCxNr2zg+dG8C1MkYZtkvNGKMzMzEgkua5E5Z4hec8owCf9g/K19JuMVc/5akCN+w0MDahLnv158bHC09Qy+EiYXjA4yLJgMOQ1YpHBBUkPZPyrsFjHwO70nEnwy3MVO/wtwtK08rmPETmleOCayDTb4IL0PrA7GmIcRqmfh5z5CKBVBQ8AovBY5MLXL3t2sO+448MuDBygyr2V3w7BVyLZfiK/75gxZPMMZIWiNtDWTzqnUdP9f+NkQiCkYHE8nqiPLZtlBRN83XvFbPWv8CvCXipaTF9P6rUszOq3uCBFvI6hOdZXnkF6B+3MbilZhwH6nSksLiicvvQtv5AVYWa+aaFZ5gkTiDh6rlFyhLO4q3TTEpWh7w1xoNCRJIzIygnB7ndiQXc0gYjRx9GrugdOW1SYfC8zu8TNPIjvsFwNafKltfKgEzhhD7/D4IiHQoNuAY2rgj69AwvjcSbn4/SnHhxY0s2O22XczbsnN6Nw/m6ORirwUk6kY/D0SgDky+LzOz+shoin4GhXmiqux87lmBeWEr1L4KPqmFT7cfamMh/XFpbGRxy/7c57fD3g8araXNiZoOY3+UIfj4vU1SbCoXHrLtjkXi/MkAOFQLMR/ehnuzMYtDOJ8RXHBgwS5FBW/eP4lWgWOlBraiPjYZQUoU8dCIt1MgqA9LsGnLAv5hqFjFSPSwZ+VYz8s+TQRPNRnP2RtosJwXhRznS6orhqoyKKbEJ/gDMOu5jOUv2naOmR1RCsTafXTP+qogg09E7gu8eYQp0elBhfrDZ6ycjyHnZ35Rfuk/9jdKLU6Y5sE9GAGe2EjrnO/mK8uSpH2N7cajPJp6D8J7oAM5iDJhxxdIk0rrdK3Icma1QoawbSL/VGuyBmVi3uAT+ZNEj1TgjsMURwTtpC9PuAF/et9H0oj4+7ArnPzSathHsu/NPscGfddQJxybfUIfdAazvtPPhnC2yuXsDJdGmbD+9yeieKOOibnDhxLnbBR0MBHMxoMAPKn+3Xj/Mq0ZSM7ALjbQK6S0uqK7xIhKzYDNiipMlgzuMZoduLcMDG68l2RqPQT7EFJ7+BSqj56dc8D4rgs+kjqCfsYmh69hfrbJ9/27S92vsVWBozsMARx6rkn5a6COMPyIRDDnySfnahkChb7PUpwJHZN0jFMlvqxPjh1yt4r+LqgAdWOdMquCT3CAgJp5rdEb0QUfdFanYB2neeZOw0uq+XW7TitUn3OuYH3ewfNuZgFQzWVlgwVO9I5bo2vIckDd3eoHPHeXKaFO093WrB6DqJXs4xglRnddShP6VH/7TI0d0Ml6SPx4gKm6VAJ22kZrMg8nUbZ8ubPezQPMd+22c7YFRggh3fSa2jwBgwwyMWGmJUwk+xcv2n/AWVwa87itDjt4EywOs/GsKbnhJRBE9pMSQEE1gxXdQcld8QQMM6e6X7ttNfUQpUO3mlptCKXlZdydA+QXZq3tSCDZxNjfQVLpcMRcaGZxXh8ZdiPqcUD2JeQRdWsakrusxZadEJY6n/3lFsmIdmo5ExjG9CDoOBe6PPAAbWmrE8n07/rd5iMqIWU653zMIG5TWWvRJ9pLQ9DSY3oe+KQb58jpYsXv6PlZ+YIIEJFaEJk0n5qqh3PYut8YR3VgucxTMkXeuYmmO/grJykKt7gWeqRvxrkBQA4AuFnFAZuiHNo906e5KoDeGZhirlDZmcxvjtNGUaPzHeEZlqrCvj5ipcrNGhaLVxnUaD3yB2zNQqV1P05z6xEYIhj7GuP49wrGexqQgVa6LRtc1FfhClli6pE+hwrdT/54M/9hQH7Wo2pNK/uqX9INpiXXxRJo5YSzjUy2KIWTbt00AaDR/PZtxmWsEugQEE6I5n4+XkuktMiyKVDelxtu8T4DbTxLeCrWE1eRWXFxuet2IyAXXldonaxyQaoQ13iXyuXzuJuOjbLy8cJvKoCBP4O9sPPecUdQ4U+K5UUT1SwntCwOtrEAfyW/ppx+oGoPmGL+SO13hpkMoSdDPCEmd9aAd2zEyam4Z6FuRHHwOIMFnpgj+xFU86hyqtujHwfxuqdA2KrAjJHxD3JOn0k1K6MP5rTvwRGml/8sZFnzxpxiGHCUWMdam7iSHoVXnhGUaWGF6nUxPs2rKCRqiZn2EIcgkBeOaQ/eZVj/0G23xXQbjPQYdH+ThbwFUyPdH98Ska91Kwiujs6aRPX3PRtOEFogada41psk+z/r4iZ4c1QFQMQbyna4va3iQVv8/sGYdd1xbMeD0CU3im1vSPaZhIgjqiiuo+GJEWitzIzU1VAl1IF303S1q7fsV9fPu6o06Ktv7g9kVmUoozre48g3/py8n36n2MivBgwsuq7AV0EbYQpZs2A9C4ptKdUXDsLGFMRMwyuKpBsat38bAz1/Ycfo4JED8UubUxvZzw15uAKsq1+4IE0S1IxFPi6HO6se7eCYbg7+HCndZArvicBc1KNrJq9eWbv+2hBXw+QjjS30p4aDRvk78pRadpUe9K/9e5G5EZZ3+WxSFOqdYcu6BwO/3tgGaTn0hjymmQ75KVpdLuJwHBIky9B0PjIgU3y64Yr5GxkYYU+Qxjxj8x7qALBfGgJ78DwvopXigU+VTXIuUHCSZoWuTWcxw/K3IZwx3TQSbhIlScHo0tNUbj+dEGBY1uFfrrF2hpAd9KYAQVa9Ozr4ytt4KolXMLYGpyzIdTyHmOkc82HZ45qK7LANcuwHbknqnM3kDV2qYpFHVps0QqpBPyMm0z+CHVLqJGglHE/scsnRYulbd+Lp0zzsvLLJj+5LvxdmEa6sQ0R+pW2paFSYmjEvLHk8DLUaUqZLlItakMDAcyMoW+GLPRTVRz13WRp1Zq6Qp+iFi91TA2AiqhWiB4FZo4uoyOuc85E1Za+qe9RS1j359l4yZsHpuKNKb6dLQrcACeeKLhW+hJM3mIwBu+GIR7/P/yIIg/P1boaahMahRnA3ZUZ6b65b7coPGP0NJPuhXjUOI3g/LMAAgOrC20HhYHbHRisx17SD6OfIlXQeoGK69tzmQGM/cY7T1jX3u6VEOb5IJEeWCoqRmCQ8bwZgFZ8alVAI231Bv7KmIo5YtH0norOq9O8ofV9LLHPnHlLv2YKQ/4Y2oKifr9bwwhBsOjWKaFput/v2mLOsWC6tj36p7s2opjQYnd68X59L0QY05DZWIJtWk6ZQSTRFTYqfHOUZC0tJvaYdLw3DkGimggAYco+yFQ6PzvvVD9V06bnDGHG7tl5MAHnZB+kHBtMQQeSN3j3/qrJxs0/ezm0xfUpHQtw+ZOIY+yA6ybbnKLsQATVL8SrdruZrCF7Tlg1i+CXRnUe1xhqtnd6tZifTLpMYnH5aoW2krMRnDYMzTOd2Vop9UxRbsk7SpkQlugYbTyUtPOhwVn7BMVewSlgi2WYjmTR2d1gp7ydHhnXjMIFQD3u9eMI1tNs0y4mpZ7Vf7Mf5CQhyQHN/DUufXybgXECfAUgJgFm+YsOvUuyMgx4cBuOj/9hGmQQbn0WRtlY1bDWcwrAQfRjViaEtOtRbS5m/UmE+mcMcw9lrH8wwmqaCHJPHgwTd+IAYwbfcT47DJT3eiuwPtNDBNPtYD7X5T2oNsN6WOHwoIraSQ9mLv25ES9DGf2noDbn8s90M3hld30VjDpHTjauJT8lcoFwoDIM1F33j61+ecxrUBbosWjtTj8LFM7SnNegFnp+LLXvBzvAzC8yN3cwF44kdpZZKA3Y9ZkY+hpRg3/WnOUvI6u2yOGeUn7cMswL1AXoWXtVOFNdqxnoi2ipMqcP8Xu/f4ltNJbuTUxK7U00QOG9dBGww9X3nnr8rrtKUOqNbXrdW3gkTraBjXolC9iRJFWICC+qPKC86VC59p6Rm0b47BfnT85B/PNnDrqpbM5uiAh6KzYOkUuVOa4p8tSPYrDETsP+Cl5ly7pHoXWYqZ1zmmsHghMbaaEx6cXJ4Zm9N04ksVX0QedHWc9pV9FQf5Gb3Vy1ZRLeaMD8M2o6TEUEydIo9hxV959NH2uRgHvA6rHJo3rPLHrnSM5ENP5DCeFk9y9JWPfOzwCc5fYZL+g3bWnTkSrYPPNKd0d8DFVwlzuEY3gHaSonFSPDnpWGegbYhSQAjDD9GEhyJNAiFMTdEaDzqKfVH2OtEcENCgMIZVte8rrowOvHKuzWMBjylBeig/lfaDUI2RpQ6+P05xJJIzjyaisV4SjhkQs4gGSG6LXhdQG5zWcQ6Ubk03p2OZG2AAJFhp4DIDqKCJtZk9XzYKqEHo+OnmLZd7PWQQzUG66+pnKZ7DaQ2rXQpdOIoM6amAcQ4CvSJQLuAGZ+ggZSq+bKVFHQ1wuu1770PQrpUCqyOtqrReockyDa3VGh+Inkzob5bx9NenmlHXpBZKC9Lc7ryCi6yYN2MsS+tBrP/njV1D/KTwc0wbGBlwAuFVX6XL+HTaKC1+z16oJVxayy/5IvHfSV+q4eK01v7Rw+vV3rm7q0wtcKA80YgxmrakfIyaHsqEY87HJ8HhTX39Xn83d5TQidEbn/G5Ugriwdu2yw+REGR/UTrPU/3J5KQvIke8DobxguvnIv3ljSsfhjZY36ICFC/PnWo6Q2wn+8NtMEhL/fJsMEVEU+oyQkM69/r0PPMH8A2G1dbB3YL4Qjdfh793G77snytPfK32b8tZ4x6WLoM8DX8XeFj1io+aMvquwbCU5d010rXXy6yq2WiKpfMUk2pjErC4srWoCVmlUWw/dP88IsFFlTqF0/y4XVSTvRgdHwJV9q3F9j0TVrD9Zp7kGpXlN8XKSC76xuV8WtF2rxXw8mltQbBTuQ6ef87Unm2KVJ8NtJkJILmhbBRo4I2REKMgz/7lin7Y/j4cIkx6CxB3y6qiSMKny6VsmjjGZ+P1EYFNN8zgtB8cbjj3MkY69yXseIbaF6kWuwh21zT8pTEyU83akKbRZWktqwfgZVpGE1AYZ38OmNrrZOIYtEnJWO8F+Fw/IWQZQvMaRLQSdSmBuQzYcaQG05T9NNvwxXWMalRljzxRAd0cgnakclHfKRh0TV2id5PcgFuzBqO7e+NO2wfVx832JcFMi9RQmk/Ob7vHqaOVwMiBCyeY2r2HTGkXIUeJX+Iv8T16PRglyKaIlMfQPp+95wQJgLPMY7pQVl7qTXhYTZgaBB2Sme4sXmKDFKfXYq6ByqkOhoMCb3jiktvbN9+3jGwEizQ1p+zvqoeE1Ks2l1VOAQh1kpuI/RaCG5hUidkdVkRiDuRizcoL1+zaSxz96DtTsuHBZ0zTanIadLNvAlIpJ9aTCcZEDVVD3P7ZC9bIfOFqedAGwLp/CfrPvX/zJOQaIisK95LaxPGO2rTIVf41BG2vaUy3k+203hOubMctMnUs7mRNyrKQh4zkvAzqvxUvAkWVvm6aLHP77JnmolwvAelpfLzjXyY/KhgSIf3zvv9r6MrLWSSw3Bk4zsIoQefN6Lf0uG6Y4jCjAQeyjW7IwcWPZRP7yXkjClj/TfWeeNvmdFnN+w0xjFy8d3sKgm69Rm11pTKSHk2gBcqE4Qv5Iqfhkh7RhomqnT24XvYNa4x3SkPtdzqcUfmhtS84qnYyq24vhS1LKueZZLKgI31FECsdB8iw1IhLxSkRJiSrfnfEfn6zKgG3wLHVtBqKJ8xIfPuS3yHWPTwsSnWdhHBALb/sTPVjS0F+ZmHEKDLzGRs6jWvwmsQcZG3CPBIMGQRH78Tn3YK8lWbCsjWzl9w/ZnaVDh3pBpkXqyICdfMQhT3k4WyY5PxmbgIRPQ6UHorr2juxVpS4bxFqJWBnK1kWbGwdeZ1QUHw9br7Y0TRyL/nJTFdMbsr+SvVJAxl3ETFSPXJJJTLPokQ7tbPBn9cHt3CL4kb00En/i1pKg/AbyEnhU9Bg3ioHhfWlMTehCN5ineIDmRL01n1eYhTiC7OyJ4HIB9YhYqpntv0ZlNSk5jI9IpZLkqT7tQ5rdRri1YrEy4/haFtncQHqv5vm9rPCxMmZfIX1JeRG2jIkR29lsJG80faUGyDF8nsHYsgF5W+2LC3v+8qFAEDkLjPiF2lI8UQ82/cKAdNdgiP2Z+0HQVqv3Ss3UQzgKdR+Cg3Oo81ASkpaXcJnufEa83Zk1VkeEXHOClGwifplea+uuK/+1TksmwjO5HuTRK8QAoode6YaD9hSSPT9QL0cA7UB3N0BEVAhw8cgmEA1uLlFdg9+Y7e1UKEv5lN/tJwSnB5eFeBLdWEz81PWatoh6CyXOBSYhO+CtRVhPXrYasudvcxyGE0jonpDd82q/45ugDz5YTr97mlWvxQZUJcmzzvMIiNfznEkA5XXc0jpPzjF7X2HRURtuTX6jXmJpOm91OAj+IOo1hYPhyEp6SEhUM4XowKZWFx838ntCF6LsYS4RDuV6pfdqirUwGgCLVL5TkmB4KPYI4yzcp++uflAlmc+hk6OgBaVWlhlFaJ2jnFtMLfUCupKrJYuXvMAuayk2Qv86nUpDaIVLzhx9ONZCFQ6933RrPY+Y5DXoWoeMLSCnQ4Eryb5DdpQctXRm/R2LZ1Ky89Mt7a2WzauEFYOtdyYRW4/wisEm07Up7ZTmJTmFh/8oWRm3n2tiRCWxbduw8ANULChU7+sWgA+dNkt+/2q1fh1KQHHNWASh0qqtOLGHLVYgmwXUgSO0QDvW3d6UiZ3bYro9zu278VQxyJAAj1QsG9EA/PLtctFIGabm5GVzrbm32XbePToUqNYqXDLaIfd2xu6EjDHE/1gX9tDhI8qO7DpV5AgEPi7f+W7hIiV8lPshb346pCbCiCN5hu44+ip9k9fNv+XhpFI6wFLM2clCCV/fX90A4RB+6TKr3KiI25X67Pp2HTy6Qe2Wyw9Jlfd+Fu9aojz9WEHLc3NJuOUllX21Q8oS/EbARUvAkh6sXd6x4HXSHHlQ/47heD6qSCgz9MgIfhh/WUKhICk7jYt4XuogLp9u6r7zgoZZHrI6XtrwAXF4M9GGbyMd7x4KbHUXWC13066xDl7+i9xuFDAgZ34GqTwUNwNpO2e5gg1XnF2b1VIIE102nSJysf3ddw1VHYypiwopsfiXHZ2Lpl922MA7k6PsCDmdVoyOKzUkh/IEs86ZozL8HP+iTZ3u8kytxVQqGl7Exky9d6QSu79k99Nw+UXg01VeMxsIoJcsQXO6JwdmfnZ2WtZ/aqh+zJK/56Nl7dkyC5U+3dsBY6b22HmCFiqTFKwFR8LcyvpIaKU98hMhG24odW6w209aE8FdjyoCqQNU0FrONvlV4hH22q7rD7RpXs/9GmL10g00LpkTmCGsn/x9ZVuGSEiItlgEdQ/4sUwN7BIGFVYjxmd5fQKwq/+r+d20gaZ1CK4e6EIo7z/URmUmpKSZwxVSOiM61egxYlb6DdKXp82Belh1TrVxyqvxuNbAdcIzUpC3dgvyarv2r7DhGnxFzUzALHuQtTWiy8h+cQdyA9J7YSyVFdhMuXowda76d3n9x2yiWYjWToURxd9V4zYsZkmvaeH6dPs6NmFrS+JJhqidns6nVYGS25P2dHx43NLz1n35zonD4Pp86pi4SiBIjA6XSZzfN5ANyClczwc3RZfg5KrX5ZdrNQai+/gKDL0pIwwBRVB7YLeRogRl9CwFTMM9Pn7V/+e80Q8OYzNtI9QfWomfbzlqX6H+t0akddUokRNPTBsUdNSv99qSVezLTHcNhxn4ihFoLtQBpn/qQTIy1jko/v+K5r0xNXR22VvdFT9Ew6VEiF0IQpt2/Qg1o8GBRPP+vr9WFuKdP25LKangrKf1yQxwZAXqwz4JS4HP3HUNyYPn983Irbpzqyn8w4jBCn08zopahgUeItzxRmgtXqbCjNlE1VZIX75KVsQxfPz0/oe43IQ7a0gLi5cbrDEr+/+ne+ZbYDTSGH5TRING1vo3SBHnQcNh9P5SNW0ZqOVs0sxujvjydmSUIFrj/aYoCCagb1tVAZ16Q03IfzewacRf7ESJDabKIACsMynjDQTmLzlHUa5F9XnEWN2ziZ/BftAX0aHxWLfkHtbiYaRDDFhSqd9iLi/s5gkoXBfj98tD5bxCeNywA9zcIQo/HNFNjVDWpmOWTWRPbnPPyyoSl6usVFq+02OtngZzEO1DBEl4hSCj/I/WvMkdY0e0lKDLudpo9gdao0FRtKXrcpjcfeOJcXCbmDDXR1tp9UE825A2VegulXjlJpHddaCh3OlJTU0YT5oZT7H96RtVzWm2HuMZTToUid7gbykP/utoTriIR70ftUeAB8UUovpM00cXPJGdYV1wO399UdzeOHq/2SV08SBfSrkecfFJPEJtCo6MPKQ8gh6VtGZ27YY6FxV6dJlecDlbQOvIwjzYs9S7RrxHnBlNlVrVz3mYNDiAr14criqD283eAmOkYNjEi5FPE9pP9V1jz67Fg/6WOFUFLuZVcL/SCqih0SEONRuPHWrbk2yQKMxaNm/mzLROy2vqPo5eas3XcEnjLRckN6LIqnGplCqk5kl6SCWkIerUhovt/dedmv/UfpIBmpW3d1OkeMsGso3Ucn1P+IRczACv+w+jRkDrpHZgTDgO4rMPwEwJrp909V1LBe4VSKv1HR/OUdEhbZuRFDXcbSRqkTDqkvA7L7+YJKUAybE0HZMxKBz0n++MGgas1G/wheSkYl8GkPV1YRmiw2mKl7NUvZHQ+ewwEtSpitTOXD4E0JyF68plulKuPJ07qJdsa8Yhp7yiVqW2s6NSEmQ7q2UGDfu4yA0HZYjMAb6GhSJnAymF1Km+xi0r1odTmrFo96ukzor0VDDe12E3YGdmEWumPCaRUhKBl5oVy479+PSa0fy/xSG83YuJZXvlfwZpJy+PVoWaowCKgmPtWTmy1gIGe4CeHRrCIFilgBtez8U+YXQgjIYXQMKBmpUbx0f+RfKM9nLrggemkpNdLmkDffuGnkzmDFwsvZBB4RHZhAoV/lgutESjGntf4oJ7CmTCPBVu+Blrhs29Q2gEGZvuxHUWklqL9lv6fVLWeBp6BUEGertTYuj3RNvVNB/DjxF03BIPnJw/v7FNaoM7RmJmu1Hux3/Ld9LYG5CawnpfRjcFl7Wa82oLiBFW9FqWVB0XB0tF3V7jVayzsQxE342eIBQieDyMi1b6zA241xTyVnZEuiVeCBpbVkeB6lyh5Gg8Zd83z5mVlODbx9nkS9kRFRAci214bAn+HtGMz7kWnPVqyzytlB8kCf/ZHrZ7MoVT5Mv8mcQIApAZoSR7WUQTu7jIeGFWQmcmkTA/8xEk36+y/Pmo5oeTqe58iiFtg2nsmqs+SLZouWeZbjjys0MIFe+XglQcFyx8qCreSG9cF6XaOSmcmOwxj/kUQuRNLET9pkoBQdW8I7cbL/5hGwUUPU/+RzSGtQjOXGRgK/79KFzM9cwUXmZPOAW3S/YfELb58P5VDRfBjBpFSFFrF6Bg2nZQnN3avqAP8xqGJ9E3c+xmD9YWlAyK4rkwNGwX8+gAqQigOgM5BE/iGARzH8u91Mp8L6UszesxAIzL6x5qI7tm1WNgWbrHxT0KNhBpOdNXumLc8TOWzI9i/tizTUTfNi4+527FZEo99iMwfzxEwPDe9ck/BPwvCkOtAjFmDjWd71vg5fGAz1Cy+dgK7Of994SH95Tl2T0G+IM0OhwaBPFbYMEqaP+SYYLeyW+dZhfsHBBb4Oa8k9FCUGu6jDILPCUvII0Mmy1Nqn5L+GaaIIYsM99YJieh+sSxilXOnuLcJDkLhr1yO0sYydS2MNhBIEStDlFDTbUUx9dJggRWqoPqybukf/07DdTy2rnC4nXSFNKddgtIzVfn93eQIxIhZ7aNPeZxdr9VRzZngleJxrUl9dqr4MgykJHl1W69Tc76iSkV0OVX8B5hkzownzqeYCdvjQRehq8YDYmZxakqS6svtYhecBJnId8C00ZWjupHF6kNEnz9n1cijPoLF+TmDepsWj1KA5taxfszT4HpzmsysgxwDzQ551aOFqB4UaoHEXDdY8HRT7PssWhE8PsQsY9g5IzPFv3fTMfBGbLLzCs6363zcQm8kQgOcJWDgqLGDNgE6cgP54SAVAxhOiBEI+wDUYM9idFfAYEOgJzYXEXP5sJQQTFM+4gBv2VLwKU1ZkBVlxfaPzgqw8DFbZzv03YlPEumSpK9vUutY/FDQRztlJMBQzkS5JZXp6yr7GxPwQEHGa28jH7D7/dwgdUPBqXrhj43odKtpCDyZQ4WZqAa0DPe9+dznKImcrb40SBg8U6hHr48kK8F4B8+SfxvP77jOiknSWu9Og8Ta3Mc4ZThWt1yTsUgN2UK/A9wzNuUl27ZkCCyqbQWfA7JJHbrFf8p8B6bQgr6lwj2vFopC23Cs3P8dAq1JXcJz92r/o0t5NhxOWphc4c1tqq/JuJD+o9CC7Q/wjF/1GHFwaQlWdaZjbs5PCXNanvXR6uymJ9T24qnFnw6duluMhiCTD1Y4DOrzDIOs4+eMO19nPiUzTkwXl8+5etz7KmCG1kijbue4qTCkhxImUWXmh0VDrQDS1yIQwg/ciIwnaAdgbHDz44vWnOdG1Zz/xMy77t05W5JWXZTzHctvlIX2hnHlP1i9LMTOtLGinTAGF4uZbuZen5mK0mNoaB/bLWdAyCCHo8qCEwMkoKDJxHfetTQnW6XBw5jr8khhviPN080MjAN0CRjD5OLnl6XejfOlFshFVfVdb7jzV0LPYPzR8cLTW+h7evED81nd6eVbpvkiNo9dpp00NrqnDRMFeF48YTWUfXDq9EnwMvgcQcLu9QVL0vfgzCpr3ULbou03ZdBELYpCPKfXXKbyOb4CnKwGQmC0Z4sko73+aIKEFzTHXwEYR2cNrFcf349p/zt/y3xFAKrinGbdmGzGQsQieA0J56OxNgD2hcmZPGpNl8xrAtl702j/tT8Zq/FQNcGe+1pyl/Rr5XmCjQdh0kcZOmicFaucUA8ILkfw6yumVSQO9b7azOolizpugBX6g17+slCF+TRUxE+OXTYJP/IsbB0jkckg7OYmVdXqmnWf7em20j5QWvI6671KIea16clUzUytUmYoGFtKFxvbGZyHgq7hMJvls3E2/289INagtrK46YfR/KItBj4MCLCWq6jwLO4vqwoqPzyHeSRDvzW3bgYsq2KXBoO0nD4AtwbPor/0ELov+7LspmNk250AHedPQ79ZcRDwWVkxp/tROf2PSltELG6vpESgDLdXw5q1CxheN6fmNz0Kcdt/T298wLCJO7ZuJIZ8ExrbEN5PnEEg9jkl6+lSzj5G7fR2cTKbUXbGLQ0FI2bO1r/CRoUdWSX91ffsZiRq2nmjiXmQNE3FLtshagouUD546BgeLsAqfxMYQGqQ52Cf12LvEtvDPnLcHjzrk9xPRthvTktFl0kZde3MXFiOf/lDUL9bT5/YxBMTHmCJR4Az+qea4XtxdnK0P0J12FgmbYXusUIbotfSORsogVdPWotwGuOhFQ1fnRZOiTVnf/bhZk6QZJGE+Urg3eLQH4sKEc6cf0b36hSrEMYa0bbkqIUQVYd+LsTT02JnW0bwI1jKej9gPEGU4eYfIrM9wNJkXz/Bdh1Y6V6KW6in/6cRnCmp1PYVnUJxkwtFs2O3rPYhRVFKMfrSAtm1E6Gx7qsaU+mf5OwFlcNtgbkaMJuffiwvBTepH80pH1aSl92nr+WxyPk5IduPIRSJDWizAsWou0rB6GXvcxWBpUth8Z+5+SVvtJCB43sqNNI7Ybvwf7/z2RKzNujjQkmboPSO08h87ePLLR3hrKxO8mFjX3t5Duho2VutI/OzQElLZx3KwaE+Q3UTtKU5XnfBTSYSEocIw9HE4IL2PNfo1E8N8nmxX8CirKOzmSo96+rHweeqXx9ESNpFN0zAHNA0w691ARnNl+qBMe1Wu5S53nVZwZG6kuXG/9okMJYpOQuSIYMzXYAaU3+PR2cbP0Aos7vC84icW7swSQ86x9d1f/Jrg6D43NxGpq8ZgSoxMsrfk2sDKiXG4ON54QitGl3cCujr9UIHkyEKJOUJJ7nsasm5mgybjLCORcSpn2Gn6b5XiP+6hODakyjj9PJcNjMj4C1cwTZxmWXyQv2Pb5ZXXO1WvVMaPx6gTuNgmBql9RhxmuWgWZtTucwgEYoDBV6bX/W9p1GyuSiMAppKSrmYWwYKkKkbQ74DlOZa9plb4scF0OcQknU0vXX19Nyvmlg5z3ihc2Qi0ctG4e175DJyW1fx3bXe4Suu9/zS0v9xRhz73wMb7M1cFd2SmfzDpWPBvsY12S9jGEzCv+im2aEBezzRSVR6uPIoyu1OhK2s21iZsowSs/N1LPBbIvl89x5KXIoKE+ou7odS2S9WztfhaaPEW+U64Ry/+hm1oyRRpwF5uZTTzQVFTnDEjMY2b4AoYw6s2pkUS+U0Xlv0PDs/rKwBwnlyxCnz0XNyJ+G9f4KtkgiUECr8uGxf1xf8YAbR+zpq395ZME1GMnxRWhN25+DMkPbFaPMaN8OKfASYVP9KA5Y3XTNZbhq7vJ7Yg0qDRdGHXCVDKWg2fJarCB+E6rOPmMzHCp6XsYtf8+X4AdNAgfxO7cTynzr1GY+ouUPU6GrbbsWRy4/nS0WzzosSzTuAkKSq01x20bapthDJP97S0QmVyLjT6frVszmWTtqEOuZgAHuE+v6kkNn3cvaHgIJvG6dx6Pdsr4DX599AyB/EmEtaFXX4uOEKDBwGvkrwQZg7gBAEv/TY/AYaoRCY3OjOJrtElVHn1aKynAJT02y4twVGo0vLsGgEQQPtByDHjPQi5ipIOt0p7h3YrOmCN/6oo6mHLkHlkV05+0QPCsH9NLp5m+KBA2U79xCqyXiasLPZiaQCAyPIcvWPpycX1PkFbKhxnFKIhPjYk2wnAJhtsU6da+22CNsmSx2i3otNosX7y916VBcSkLFIkYO0BJZcicM/gzXH5f7qAkbapT8tElhlOdv1ezvQpXMkx0kTWM1HXiRpF8ofQe7MOxRCI1Tep34i5E9rLFkELEU9bYX6Yi0VhWDmDy8+w6h3FArP8OIucnJh57zu9gFWdOHtJkl3LaOy+TXNdgKANhZ0IqtD40+Nm0Q/2Pc0nNg+qMiXAXdolqGtSsBKrh/wBsbXwHpxgoIH2Dqvgyul8G3fiToyY5g/LPBVwb80mCg0PsU5bBgKYUAZ9R2wWqHW/nVvyNlxBCLsjLOGtRhumWZRtRjttQIR2McNSJTMkPDo4YcYn8AQ2yapGHC0GQQHl71U0j32xvPaVZ37ZMq9fYA/u+kcZT1nnknfnhmcekgU3dLEf7RuxUJnPal9O87mdjnbd/yXlNEMnNMlYebdKd0VtGCcqX97gKHKW3FpRnXsZIy0X61ltgfUt1DO0DNQpr/nZmREPtLQd+XYm9Rvb6hWixlfHH+l4g+Afv7V4FS5XQ8XpAe1WR+Yn71630LS3BM4xVoykguotWI7ZTjU42VQpmR54Fni+mPO7X+VpwcKdqSiDzBmtctE3R/QDKhHTMsLxpqkm/Y+EmkMsXJI5npiZrIGcT5/uJa3S1QwMmlzyFzyyLiz61Fn2k2vepxEtbiHpUDpi0i+4BpXjTIYvtwx6hOnV/gKutJeeZJi5eCwpzQ+auJ7F3PW1KDdRxHdsKDwJ+NLM1g/zNSgJMWYgtaC3VoFc6JkQLwLqoxoFBi4/qB4L4G3QlVdxLI4G+8E1C5yB+RTr+Mvl7F8GPB1A/6VJ4G7isrAQW+xTPSslXFRgH441vo5sctLiWYHOe/G9hplbXUxeP4VPb+fuL3tBBKzRiprdxPNUBWGAS3UNDYj37uCJ93vQCRQ2di1QfRfKk+sWraMUpgixxDWGmS3cpRm94yUSDckeS4RjTDg4biqxMEMtIqXGX1uclz5O64iwuRr3q5MCRhsB7Im+jHFAbYVr4RipH51pp0TU/QDuC9flOA1bEG/TTv88gZVRh1MAvSZWwBNuycDZo+cOJ0sxfvJaPImewNbqXprPnBhh1boQDaUfsaD0rYT2tVI+unEavWrY//iKHSjbwCEYq1e6a1zpH3Wnq8b+In33r0sfgWq68xxbdvipysv19FT6T188NOe22pkgcphXe+QkzpNOp5oci8p2pXiDNJb3G00Lfbkk3DuuOUE9Xr0aF4scDtE82Kiwes5PgTqIhGcjQFZ91v6OVX7YYcjbgwRYtrV14T3WLQ2O5XJVi1N4X+0augQ7HjLEpWCS8ud1FeJEMcn0eqyBezGgAaAnRbM2l2qJNhpvSh9eLj3VUQyUAVi1pd5bcHT0lzNs+xhxC0BVOCiup5HcuWzZCeT86ZF9VpZ/i2HY2UPja8DjWoJE1pzKk2R3TjQj/AVeV86rCnctqSNyuaoJatORq2hAUTBVH1SpVXwRvuNax30ftL/KiamO3w/ezD2JkqWdFUz+jEG6vA3geAYvP+TgFadHy4rQDkk9s+/48vD8ThHdra9/eeNUZILunWJ5BQY1g2IAPVuDiKGjN3RhoVWylJRj1Du89lytCsW+lxMdoXnL1wsdYcQ+yGyU6Exmtf6y/klygGFUXIEPSNrUvgxPbbitknhmwBKzt8sOXRKyI0TYijGJE+CU9xP90YIYgthW66b5cJHF0PpSwUlwmx11QqgnHlPLXGmktg0O86QQNH188BiniWPrauofx2ixK+q4W/hc3UEe4fn9lQUoW4uW0XtnTjUAtSZZ4KMOJ1lBp1pAtjDD3LvojBY3tuuV4aHp863/ItyRvBWRl/Pp7QCwSF8XuiDIPPs1nnm31viKo3bCDuHIJtKHf6tmgocf2Mqg4yU7jP3Pu7nxBmrO/mdkrzUKL9YmbiiutOex2Qj6Q8z+w/TkQEblR5r61ccyZWvSW83zABeGpCqczaboe00cBHbucTjaeDWGCfVb5HsuP7pr9pIs5wterxjREDv110n2BmiCvBDE7alu6vW0EAj35Jl6Q0zTCjOWdmKINFT8LBA5BJXi8p2Uu8ddsAa2WGBq4VoDVUVKcm85D5nON7nx1NYE0UcDnYCcVmfQIw4im3u4a0tnu3x07mk0isNyUaVh/WqqaJExNOPcOMZIoLWlnqP3+ff9ypoNxI0busrYl9QDfTNyO/qFw4tQPFlbBXOHT4FJFrMCcCUwhw2HhlY8NSMeYAHvMQbA6IM5RQ4tS+ydD6eXaeMdS5CqveA0fJstMpUHlD+ZwD5jkOz5+Sxy1caor5ifd0Oo7d/TQNYqJ9ZkciYd4EYPAGQ7NGYzhTR2jP+LYvvfgI57Ia4SK0L2HndaLCpOpQsUEXx38V9fr2lYCi0KfTpxWXJx0z9xeX42xxRMbqxIvbReTK2cFX/S662oX5pXmpvq+iI/AeUli6lyCU2Fg0WnxbeM1gweu/xHj4hW/0n4V7bhuYxJxhVOYM4N1MuOD84Y3NAjEiUlDoNa8P+UcLnwUpGCAcG9K64adg/E+6RzNrVsUvkBdM3MMqeGFuu2uP+WML4Lv59b6ieT7QukU5L5EtT2EOm6oH0ThUz7m5HAkYrLqr0MhEDFnKFhx/pDFUyF2GNZjOK3bRx4vj5gZllIllSmTKj2q7QTArKfU71nNJUd3/9p/z+BGz79tejYz9mrffnxllspwnnRlPEfl+/x5lksNQhltCyQXBubNLWieihumhXbUD+cMbjnd9dvbE1vgn9EtVD5Q7Yqpuf8+lNi2yIbrFnZfX/6d582Ddd2f3PyCrOi/t2jO6/ehNb7wy5d3jJ6j9NmX9RzoNdezws6tkmSWFhhLHBogleFTUtqr3TW6rr5yHK2MpB25jQR3yPcECukwy82s28hY1CHtZdUrHdMEPOw1XzSuGOGC33g2buTZhVNqXfNMrp9bytgk4gXCLVkHucgV6OQJeKpkqamAm2ATb9vTo1gdJxxkhZOMHoK9oFZvCbPPMm7wsuIriQWOHlRYWcHtfUOG0ubRoFoZZp44V1wSr/oPVYRcEg22rT3kHEVGUPFg++i2UINBpXyXa5p+fket4Kh8cj7Rdb09TE5e/lXZPVKOzyELvM22y2n5QYVWnvRdHQcIzfjKYkjc9oAiP74K50yergGgfMPv95U+z2RFcDalYbjy1lBaKSau4jvoA5bwZ7kf6n6mQ84dVrU4IL2RrHWYBrF40pIL9wlAwf1vE04UeoOXU05lvvKW1DVyX5AKdZT3HjrxIjrbSy4yi+lJ9Zx/DzBhKw7Sw8BLpQ7h9BH5iwTsI6s6oWiQZqV3Q73fkbHc/5TBfdc73T49G+QRcYPsZiCdXCLXuFHLkbq6r+f9rt2ZkRkpLsLrUAEgOey1Io58+jzRkfp34isf/Xk43Ld00+pNihytBZwRFrTt/zhhjH9SCgS0sK7y92r3LKDWYA7F5jphmtLrlminCd9w0tdyIFGtFpdgxDGGDCXGM/EnLQDaTIoKPTEAtGc8Wlfg0Z2OaEdQBwrbaodYsl82hFQ3HhDHuPzYRrKQhLEL9L1H5sbqUmd2bjOoPzr28C42OKIoloam04Lt6c23OHnYGHHdteqwB/hdBtLmZRifwkW10PlFhnk6pI4sM6U1cIqi7cF57mBeP1Zr4oBhUE4q8OK9OMFg7WwvqSoQs8C76wLJSSS7zTR82plaK8L2bNniohJ96DMri+/MyECJ/2PJAnpuNUMjuZH3SLnBFn+N4rPaYRpM1831eUNlBjH+DzqMQkB3j59Tnr+w72IpjdIYln0pI4bsj4Dm9DcHixflZZRA++EFw82gkdKeRBlFxMokAD1gpTXng0tZeaAmXv+KLrshuQ3tLDR4zBKiGAFhwHaYAfCIVbOU1XS/Vld2at4fJIHbrF3YMpmhPUIqpHPOwfNhSlSW7lyN7qVDVCeTq8ZFdzLi8kfK/BZW5quDwbTuRVXPuvUa/4PT+h9G/xEgYejgCx+IbMXQR7QmqEAzDFO8G62esN95XGzoJRiCNMjcuIcSGvfawCysmLGqv7EVUsN4OLnShIe17bjfRZBIbq0ZaIOK5Dyf1UfVvPImthq1nigThmxt+mAiLOCtB5a673ZTf4/R19JwLimOjMQumJCvvGpllYifEe8L4dXBYIK1jkdFhxxvo1PCUTX4X5HieDXy+WPDhFBP22dUZrarMGkhfPhl0VlOLidNBMDv27Q7ZCBtQCxRgbYhFHOsyusofqDzFT361Tbw7FOsByqCjoCQ5MA1tOMInF83jCyyqmQzSNS/Hm+YoPyqOUezpkDozaxnhtwzwWqj3SJpae/D/haOLdtRPcMNEGifKYjf/47rtpPIzAEmga/IqeFOQ6FFL4U+lkskSIOp9G5gTXC8Z5egbhIOf+AqoOa+XImzUad1hzfe/eExvviKpdJ8/m/agsJ83sSjDTEMo4PkhARHOjI=