WAxzviofpdb4/fQPFBQtUZfIPV78CREhyhQdyggGlhH+9GF38HPSOZwbVagf1cGRu1ElM181rQX/Q+PnaWdBB29qdSRk7g0QajORgnSXW1WUxhDmrQRePBdh++0NicJOrtDW3cyvDmNBwIYZDAWcStcrRgpXDSYeZ1YKjXxwBTdx89DOLy4j55/5ZZqNBLxC4ATMCNx1ZoIBOHfIsYiDbfR00KCO6RRt/eIqjtSTHV6h8ZguAYH35ILtf6FCYq/cMwSgMOSwtGzZcsjjWQmchzOI7S9l6BuIrIW/S4n2rl8FDPZZrGmAD8Q3xRWYpVsKK94QlE2NNHNaanNUh/AHxjb8+GNqoBYKn4jM0GlaMxbVqMb/FRwCG8dgVFwwcyKHmPMvOUmhwuVXMtjUbKz0lw6AWNtALYZT8ICsxvkZH0UKw/f5KYHUHkjs6Qvplb9fmacrGLH5blxQtiwHonIbnlCde+hyMkWEFYqyP48b8Pkf+YtphpOM+i/JOjAhrLiuqSCSvl1TJH01uAygYAeBWbWAXSXLOf3Ib/P0CFqrlnU4lqQMdrtl2fOcmOABsBpd66z5eLIOsUPEkQdVcYWqHMUYmj/m2QX6USGczPgxdr1YdaPWxiME8F+JPrWHyvWvTSuhxg8tD1F1QntH7pyPi8s4CdXchdrAYW8pXS9Ow6eDJJsRAQK/SiStlF9xqrzQ2uTGzcURyBet5Xc4mGVNiGidepQ/HfPidCFfxF47wbem4IMJAczQhIbbwRnQ88OMqsOMWhThZ0lGE+9d7+UmWqWOdMBtBB6IBpPIYwdp1hwnk/vEt+gZMjHqeKdUhyx/+soc4d/6VR5YDgF8rBKfjhOewBdqZVxXPd4aYwXlgbHtdUYqxWfrW6rTIA9YuI58VlE88ZSv9oLeHiX4WjLRVpRoKmPSYzi+1L854y1DTNSbzZbPPMy3Y4xPNG6Cw0xy5XbGjSI3vStwq0w6RHErtHPUzGKIH1BpQ/2RndV/Vr+9Pmz/3MFaZ6FIlpboMO2I1eyjwDwFBgP3wozW3lvVEP7waDX9MkR9s+btuDs82g9d0mA1r0UcgY8Gqkz3p/jFfd6sRhi+K07ZjsdG3fejCWwtrHpbeJhl/OmMY8AVev5l0jwu1qWpTzzi9EgFu3tAEC24cLyCBuwMJUV3TDMxzvjSEZ/hu0aYz8mJGDvK9csAH8tTSQefCX6UDuYNLtjRY/a4/alye+ufajHrH3We5O9fT71In4lTEekVIQ3R3v4TI4wcE/sYUw1ePoBhHaIrngWohsfNjc/SkGljg4lJ4qSvWpPad+wc5oeYsExHe3ofFe4wr9yIiC6S/FB1ftZdNPGeL8/cSA/2t8q/epzuhI77oWnN/9kyYqFiR+6irRbHAgwVIMUWvSSON1uPrLfdaz6XCz4UMf8yUaWfSRO2KGFGhh5fiIoFw5sNaEUKBA/ygq7Wk29xLff4Vgxl378e5NT6x6/WpEERswZwme7+DwHYj8B25EqnNMbXsqvKLmGkoWqjm12+v2sa0NT/EXGCsGgXoUTFzX/lqBJatllnpqgdF0jTmXWITNlquapqhHJfvbDgX8I7N620kwD0UbH1aiBvDlshPjxjrrd5srclVp6WqtEaTqjJVAuEfLyhjkYzF9miMUhOEe8Ibyu5RuNeppIozx2HuywoM2DyQ2lzbbRwZS78ybvSO9QFt+pOm1xpcD4amvanqq4gV5S08B13bk1THQP3SmWLCi+N/Tr1BZMiFwzLYIlA7p2RY7XCV8BN9uPqBp2K5ssYDkstiunR+mopw7JMEhTkG16nWLMZe7KLyp9oEoAVEuFxjSMULV1Z8Ics4WdJEgXRd1pOE8Yyzird1ImK2EdBt1TXZweboFG8j19E89ZE4xyIZ1vPc/oralrZxo9K0+0VDvmst/I+s/wBWRK8pmdX0WLe9sVAmTh7fy7qzyl09KIfGsRwiLXRm2YUdxBjtk5fTrDNZPr3NcOR15q7gbmbWulqUbyKKnLVEOdXNkRFdOcUvWb/QHzKKZPo3anjm0stWEMj8MAuFcXADjmOIjWY8LM2XVFl0l1qtrAAl+TceP2cX3+Eg1IlPyDewZS6wQrkc2AdwDXJQNC9dA6vC7eeT/IVawjsG9FZhlCOaawQdIx61BjLGxDYJSMl5RPKwkEXwmQxFQTZT7X10GlFkybR2AFKLpOaq84EBMzmcRJRh+awrW3UNBSnVALziKmNrPUL3RU1tNnf9VFNwRWUf0F9YUaU6/LqWy/X1tsOLA91wNYa+pegnzUmzGmMwyYg0hIe1abQXXpObRxQsiQ3ydII2zWhOO7RwexNHsG3mpkkx/AsIZTK6HxRjeDuBaNfMruzqUdX+ksIUMsiGqZNYJ2/ja9YnF5a1XSveosAV+/DC9nCJdQ315XxuyzhUd7oapQ8kXL0m0B57F+OMH6PDvNHBsEcoX0H9qHgWEg/eHLreXLTMQTJWCQwS00FbqnHJfIRg+gQy6t1LBUuM3TYZHNHhQen+aAR3DrbSgTYvTVfo6dpqAu9lFNHeHDu8PasU46XaVnaktzquc5ePHL5SiiJXVBG2aoWLhHdTOvsxvC15CIrLeN+T7JlpzsJ47Chy+9xmJqTTQG9yhSLmWAF6V3cjVDq8iyGNUa883/LyAuzUVlOPlzttP1ND9Urx6wpXHMHcmgx7bB/hng+qi0k8b8zBFgilHgA9SwQYUXN7L/HnkiDgv+6X5ifZlE9A3hI5aj26HzcKnbOgLVSpnfK6+LuNynPFAqI1E5yKIoIYaGXcCc6jJ0HNiJ5V9uYfaqlAZEfhSa7l+nqJ6FoHVh6vytiTTL3wP+OoWrktPVBuFitHO8V54lrrn6IqoeJZgbDdBZilR7upQa1XICDyUxZ0yOabj/tetV2qMOnjMvk4Q++piz+jwv5tOTN3QnWXeI2mYAE8e4HpBBQya6IA1zDRh460+yOszE3vRr3bY+6zB6I251m4pVNPX3lE/WDJU93dwH4y0PqMqe8Uw185QRH8ke2faZkGFNQXZu3BKYYDpKjAQRajCevoEhuqMtZVEm+kP3VXND4b4+Khc1xmYWyWwfqi7cHmI6GSSB0UbmDj68tnNosvxCVPBprCER0r5TRJaLdAp5yguGU4REzM3e2LmibnAbXBBybUeZP2I0lJYHZMTM8+qpyzZFKLqzEsiEJJ0RORUrOhFBBCpKmI7Drtj4XEApeCZ891rjymTWbYyHIaX6UbKtUDoTjAbeWsi04ZhM/9v+S9lj4CV20OfOT8Q6BtXg7OQRRVHHk47WuGbxJG3KSl4v7dxfMxLZRbKeh1xn7lUs+8U9PPRFOWppCXha3+2Yzak6lVarzaFOeSZBdQST3EZTpa1PRAByYllHptRjtchbLKFy0jokNHFlRjXNk+O52CkB7Io3Ej+FaENNF5Jz7ztNVd40xtovRkHhlco0yzwlH+97ISspOhNdHUUp1U2emU3QRkmtEa07UxGnpKhhUWocW3DecFCkD4ANhg0THEbImGP3eMqYiqJM+NybZsokFqg5+noK96Ok2colJdG+aOI/+Eovx9/pbDHZcEEJqdmBNC8OYOQNGXSVgG/vhuqRfCI/J4QeEaiuTGuv3W1IzBRw6HZrDrLkiS1J/nTRfpK6+Y7Mh4PGrZO9IsUvE1YguIbm+TFLukNvsgQyZGC8zhcWqerB73o734xHG4zheGV8ftwyYOfHyxH8nEYVKnvY0/lX5CAKkUrMeJ35YlVuDlYMy9xFIXHae3CTqsoI3Fl9pawzu9a/x/zbF5BPNVXYlHNLnN+b+xPXEWoJByBgU0QkfxyCo23E2IcLi+AdzQQ8sGrK4Jt/REC5tw2u/zGyd9F9VTYpGXZ0fE1rYj3SPwhusT7XtwEqWPsh1/+yQi82oG26tdb+r6IiCdqasn25rPYeELa4HtQ9fv24xbOgPBIVuoID1QRNX2kx2fGBzZiQOXZPeYBm8IJgGt25oGWIEE7OT67pap7u6RtLg03NWGbrcWZYoTqi9abeBnmehlg7qTShbkti1XIA8Qw8HU0jWkGFcyPo15ndKzVWoXLEjQ+w0cSc44xp37IF44zpOhkduXXZNBN6MCzVgem3nSyTfdiVo8S2mj86Rxugyt0ISTJneKBt/DEpXTFQnX4ovLrra4GG0urdW2gDsH4xR/n4raaNbYoqomaz+Fzo493aJTnF1SwH06Cqa1m1KVjy7xlSMhDIei5yrMBh6qpv3L1t5Q/ML5FJrddyipUwCBRgoGez4Q6uNCWjY82SAtoWk/yLTri22gWHCx504ZEJ6AfchQHE8KMwJV0rS5Wi/hlYHLjFNaTWPr8wkOhezp9D2XONpgJuWk8TFqm8ZeAQHGoZEpy64AzPqtPu7yyr40DNODpPGiXM4bctG3rVGFWqzW8rAV+GWop/2JjVDHsItCmdqJv8pDneIqFjCbK5ogwwD082GvJK34eLaOoZz8ByQp7SNEYcQkhIjcz78AWx4vJuYCQL9tVMsGWi9n5DsacY0/t0c9IJQBcLCgUX8bumZcrQytVuQkE95JMxQg0DvfZ+LzHz/HQv9Uip4I20D66YWY2DvqstoFSbUCWRS4UFkKvBAqZJJ5qNHN/9dAxL1snk39NoWMya+4eyTCgn68hZKNZ1RN6N6KY0PhcwJGxvnOXEE/RDV66KuTs7uc3YZw3lfB53+C6sLwtyRVfzpmhcjTxc7U/9FMV6XHp1wLbqu4t5MRhYd13D41CeS214ONygEWihQCDrKPVx2szPOrnRDHQ2OFqk6xYfP5YgXk9+lEvA9f6G3Dxh1WBHKCCtn0vhotP1UUaJ3/xj/dbgj2N+vI5ataJ9F1mRI4E8Gr5HaP47CGdWecE3E/CfFG1TDgfPskR7siJ2nkSNqv8CovziEFdZ82c1fk1JMM+8yw6JDGoU+eQ2UPLI53He6IdbjaqHSlrDk3Wro5AgTtRUQ3N94j9j23erY9QgdX0hdDSxuUAZvOUYptPVU1SyYYKgZmR2SMCIHR6GA4LMOxeCklz7NJSiIKqnpDG42Xo0mqhaoOl8BfJuwlSFTrcJ35cM56Oe+DKXHlUsoDUxt9ZNVosLoN4WQ/PqGBvYgCFPZICnqmpBKvjQ1Kh9hMX8Vxya6UJ/4qfYkRGbnacP8bnvZ7mABOEjuJ0LEP+qhav9yL5tsCgpXhNDOoagC+EkBf/os/3hSgmNd7b/0FW8OEyoUIj4fMuocPI53OpQsS77vpusSX0VlrFNtxI6aBc1UMB7JGzR+cBbHh/HXdkAx7GWOcZ31tm2HkCCjEqYS5kbdH5H7wDXJ7y2FJAjP6u4n338Sc4ibiJ1pW98aJSN7ikS2oEq9212pBMe9i6I0tMRwSNi2qvOC9quNk7L5P3+1IVj57yfQ+PX5fP6QAXBYgqRKuWVx5+S8/zLUEjAjjmoChvvxQ/daCTV7WXrvzz4nCck0KerSFMuaGTorMELuBedb2ppaXzH7dh96M8bUcVVQlamFmBmpjPgaY+6JuBhftHIQHZ5eCnueFEqlRjZCd1SLTH4mX+9cizyJT2HVjY6N7V3ojwiql3Z/dAOE8on6eXWcNnUpFCvInwZkRo+jCz6uIl/ySCEwePkbnJRIWkKIU3AI/B7HObMTbPss+cJs8wrJTU+he0+tLYKniBQ/RaWJ65Nziso5YHkm/Iwdf6WqaB/fKLwtgxUAizJ5znPw+Yf8BsIhrNjTOMUGYLmhkd26GCT0KQEQ3RJIJjps1T9p8whu5v098FfCdaM9uSRSXuBEaXgLUoVhSKcQroV9urhzYFfwt7d9tjw+R6e20AwteXUl4uAZn3PF6C+ahdYxo6Ojdkim2cOfGPQ5LsvD6iS6i11jj2wQRj1BNETHwzBFoWWelYxzLrYbm3PfpKcJCAaTTh9famnf69w/QjgPq6dBjfARwH05/PEz0XRsJpuPjv0MXgSeKLUnA6pp0zxqlavaxrkDsa03yBAIIMw/qxVpKVItHTQ0ndl7c1lTogli8ndsplyligUaoU9/311sbdWw8/FdNdY8tjG5NHO2BVEqYjsFM0uNQp00IyRMNEFwud7Ky5nZcMYt29JWUZ6oBzeCfI7LWlPD5tf2uMoQUAFFFlGKcUzOm+h5LziQuviyVAMy3NGanfpA7shTyLRO/Swjj4EVHot/7YGVp70O6heFluoHpreFxlRbiwiQ7+eHqnrq+xLzWrSGcGzF2Y+sghnE5hD2kkQJ9eiMgKmvPrDffGZmIy6f0GAJ7sVMEGc3bee8YH57HOTB7R9NIQQ1+xhodQCiTb63BItwczC/CtItiwu7gHxwLPP9mty1EyOvnn1YotJow2NMcbtV9OXGH05SceGW2+aZtRA81wu2259584iFrvWAGwefBc5lFO2DlmHlglECPvqV3JRog7GeeOyGrQlx+gaxIvyPJ97R2zncUgBueEruMRqOaGBFyr7uYLqPzfycxETOhMcA1Dk9XKqAOpAB0CQsYNte8r6HPjLdRpJwprrzcKRVC5pnLv63T6LZjLEpxH3MgcZ37DS87cOpfBK1gy2Co2Fo0jq9I+l6QcEA4eq/wzI8GCOXnPheVkZlZm5Qg/y76RBKa5/vEEU7ZG8IABk8GENYtbof9WqAi97152kmQxPFAoT6S0JNi5YO+TFTzMuu7yToVesOoyNJm73OS9teW/SYCopRPUHumIiuq51yyzfbLxKDIQA3B46ng0wa+dnGBuMLOR5hc4Q3nMTs43KZHqc2MesCKWGaOeF04oOzfwNZJC1LykRNEVJTd9FKJK3Y61RrkwZqmyhjCuB7zT2hJBipv/iHg9H9U2QqQc0pa+pjbvvvvn68NAlzteTgORRN2QduQ1Oj1chQ+/25VranDdhOKsTbmtu2/mTEjXinB/gJUrW/sthIHXSbYWu+qVe4Pdk4pv7V9VleD4fEQVqh0EpfCqpulw4RtlQk7B8BWwOHZhQZ6Scf2dlhhlz0AfUlc8g+Jnj/qRzOlg5Vo7ENCLOtiYyJnGMnqLywbCQCTE5F7nErrTBh1VDGB+qsVNZfzdGuMoxgM7LQBOFRvjoz4gDGuTxQG89RwQbvIj5QdEiMl9R2q/STXNn6CNT3h0PF+matwBif/lTU01+jLGHie6l5BmA9VgIm8BNKQfHPRND8Xn98XirO6K5GuaxD6APFIbgTVYQ1wPCxyKCZnwA8IHZ/pRrCYsfvzVtoBOMs0HYOi3lW4KTWtPqZXehtn8AWe8RCSanVGEmWrDF0ni/h96d83M97DXIes14jZQXC/ysKF+K9wMVSQjy3iVbdBpMZor1Htnw97gvEBBnAqbafap86evhAt+E54ZKu9Q+cd2eCh4Jn4HrHWZCoi1yfgG5jR+AktN4Zq7w0bOQ3nE+4L76kua7hqiUjtJhDxeHgwafnDv0W/mLapaQtNLVPUlGETmMrUxJCBwhZVMh6pSEBKqRp1W4BXyw7PchLphGwR5msY5H38Ohytlx/wTW/Fm2IK4brTkz1lB+Rsdm2jXnjq2tSDIfi8FrIWGvP4YpMxFlXXKKqUYkzmlwIaXKVXz4xCJq7k/uuDlHToZjl1TSULK1VoPnakGG8Yx4822tKZs4TyJ+fM/HHsetK0TtkMGpCs6LaUMTY4FQKLOzjzZ0MHIxSw1a+w6oPI2KQ1nem+SjJ3nTUSzmlPBkzC6t6C6NdLlGVK8V3nLtfapvJOvPHv0kOhc83Ncz27EUIFpm7FwxBNKrozXS2+y+r9UJN76QpKKuZru5TG4IVvVGC68dlJJUKaEyRKRRIMCiIhFj1J7Njld4oc9FnWyTGOzOsghjDAC/73w3w9f8/AJhcicrS9TnOTv97cWtHwvszYj5SiPk1ylM+3yqBzduEL/dT4VCUIDYo8aFbAILAuFyslxQhWlkUbeuk3qt2/FdWeRUJAfOa2UJiHHsFdPSRY82oxgl1dtv7/ANeFtitEBMbbf5m3v9Tf486xdYTZeDKPRjUbUdcFBH1Kv267PEaDm7FDb7OhEsWGb4KbqO+IWjWfVyLiOsNrAzIH66pvQ7c8kWt3tBmVzgAKYiYw1xPsetsC075MVXlLFqLicp9Pkui6fft7HYOt9WFANSGDR4bB1/6OIUaU2Rl8jL3yT3Za9PQe4fpGHG5CGAm8X9Lk6Gqr/8PgvovNyzxiuEf8VaxAeHX542C44I28cIUuVeC9rTcPJibu290ipltoVzNy03H3+NdYIv4H5r127VMKVdWUANU12BbP2wbiG4pUj4yc1PvxIXyhtiLLJ7y0iWYbaLXxcl0OLPT0haz4QWOOoMniqEEKC4JCvJsRwFt6FUPVBrUeST1weXg8lxiDHuuLPLWz2ebQ+g3JQ3yq5sOGjvQkeHPegMkx3PqiWv+OMK+jxIB7l46CunR9NmczUvuPhesgg90NjEci8U1sewggNEYpDcQnoILZDkiFVt2vzE7toQne7kPJ5cKfLE0zZVD1aQH+va/exZTlQVyp7Rdfz5b2zX+L958NO+GLSY6GThWrg4m2mk2OV593uUx0h7tTZAPoDTOi0dlQPc2NQrPUZp8Td3WaQbSmHGUmAIuXrLyHPy0W9fyANHnWZnRerPJU6pIVlyJupFYQW3OwKFPFZjrpYSLFXT2uQ+dJvm9F74AhHMwRvfp+MOhgDgs+1sqHZvsTi9oHcm8Pgg9MNXd5G9sjZOhCm8+9kNtwShLzdqceM8Ax7/MDHCeXpBEeAQMHzW5s/4IXrbO8n4p/MANrNHS9dtAkdsQwCcL4s0y5gwfA4mHvvVcz5+TZGghIfbAXx0RJptQ6hnV+ctTaIB1VIn1FLh69MfnY6eGiX0Khb6ANYZR/37XugtUDULRmNuMWrLL4BNJvo7/SyVwjvc9uksqY547FWLQcHCmNAVuboJFvhIkcicFVggNgrjGIWAedDFm193z5coZoGJABYHl8OEUZetFZKtKRso+yKIKd2VxjT0HoGA2Kx2LgkRwaMNnd8K95qKll+MxeV8u1pLC64fLILBQkg6mjS2/l5HoY5nEytAgjwtn6FvudcP0Jk0+Am/d4UVdUAydP6IyMP50/lw4Ucva+h9mYksHZPJiKIp7c22666xvmDiQzYOaUZi7/fRW0RBeX5XeEV5BSIH4SjKZhqOiisHkg2JL6/AwjikEnIoU5/vjQV3ccR4YjU8eIh1s/8X5aAXzgmAguxMqgSb5Tb/2dpxMjNSE/oGnG5ynu3dgPNON/87QyXh4iX0VFOUFXT6bY9AJzW+tdg/zlnWlLjBpzmGBkjE/Pj4pgjX5gKbThKEGfMnz1+/qDG7JzdN99iJvQ/hhkHLyn398Dr3YMgB9XzcO+ECtsfrbDqDf2xzkge558fZyo4oJ7bXGA6QY1Skn2OKdjGQW+tgbkSlfEXExW0+8DisKmS2+tZV5/C5wBzGkmtyQwLSB8SIK4C7NffBhYJ1EH/8w4fxaA93ccs4ndWm+3vXgkbyhKcVEHOiN2rSoMzrViSBwIrQ1d+QJhJx5TFbt/IMs1W/5kc0qI8R7TZbfullwhtAxSSlSr5bATsBTLz/mg8xv0B0w7i8lqukZr2C0RHvsVzaAoZp6RzxQldHNq0xWWRyNUxzLstuQ/XO0EZRftjqoVpAVVr7hHEHn2xC3qmGwRlECFidB3AqHby1LlorogPaWiqwVaBqt/oUqmd/DLKsPg7dtbmBr+yvFLg0benLFOP43N0s2Iki7FdHVx0LwvVZhentCccGsqK1Zi3FFadYsct7wGu0dcJufSHFW7YrDl0p8YnrcGXTVV09JUFTzJ0ai6W93ly8ef7rF9XifYO+DD8FrLvfY+EqQGuoFdCtVFun6cSyx3SK35ykW7l6Hj0kLmcelB/EZowQkPfKHE4jYy5lAy+DCzP0HGwJFCCz95k631i8lTc94osuFk8vhTC138OZqFx1vGmO5aRXeq9nsEs6lqGSCWOllLjGpE+t5esdaII4GHbCsDgALt/SZYHO8WHgkdeaQrh1KwQhvOOLYQ/b0JCXfwQvmLoHlQ3pIYTDSdW5TkclZ78pt5kWtl3A35UuvMYe3Xh7NUu1IukF2tBdcoyqI6NnYrPnvTO3a0z2vlwhi3r3H+KHNTQgzMC4/eVeiSXIhojYA45hHAB3Jg0qhTuo59xLt7RFR18Cfk6EVAgLxm4uNcn3EYginnqprWpGe2tbKZXv+2R7E9kKSyq9UDvFrfjQv6ER5TYNH9//wjZMgWKQRjyvqqNya5usMt0XRvzJcD0n0mTlXnvbEpKBjcxKJeopM6ZL0jY6mLmFLlVNXDtGsndMVwebxCdSXNWV+eMDpBarzDA/XWGlvj/Qga9RaT4PuaulxgtOOdW2m6Pe2UWyj5uRee+lr4fBoS+4/97qwt1mleLTGdHQSiy8tptVjCzrVmJf/PhypVm2ERGfbbwS8HRr7phrZJ6JjjT7Il+F3s1rkrenjCgRNid/KQW8OG5gjwJ0AJoUdNykkMZ+FYUccnOf/upB1CVqSsU9RIAdaePpzf0OeDmkylggRLi1Lp+VJEqm64SgrNJBRzqN1nQVDFs+m3bQISFp77w6oSPXBEP8u4SZj/RpevEyHitsKUPu2T7Mwqb02PPRZnneG3pqQuZKjEJMKn+CkduQLEiiDxmLF8IeO/lUX0wYqWV/4oUTCWe5U6Dmie9hNgQBSBfpUNqqWsrWLkOkE3V8U8ZCtUX0YXEF4k4lvoiQWk9V1yf+XGcaIAzDQdKnzbsJ4cmw4AmxKLqicu/7kyPg65BK92Le8rouoWT4dXag0GiS0YUSIOs6MXfarAGoNb9YSwdA4Ue4JMlWOxFoepyv/5GGJwl/hcceypPYUfWdVsovyRCFoJbQ7hZ2RTWQiUcQrF6uXWIRNU09o1jzpvT49l5+bIf+jkNNDBw29OntYphNjjVJTSe9nUAOl5t+OwZ/yT2ZJdLB9ObsBkNrhnFfCZWtLtY7yTdO2IQUwS/c1RSLRnj9EitWcl5V11H1ckzyZsqsnNpODFSu1GOmhBGQ9jiWShMEGFaw8NvqG84p78SJrGrJeJqjbPfZZTVK6vb6r2foBxxTkahwgArDHvEruHTsVOsyWapMR177+h4RjU7bHYPZj12u06KXqL/eBoSgZsp4e/JzdRQXukMc/CVXES2T/EyGb3r57GgwQ53iTz4+94hJ9oYRmrNFtGVH8kBbt1LqzlOnr+Ke1VZxzrQfYo6KkVKlgTF3S22Pfuz6IHW/IEByiGxEdxMuniE7IbYHl+4St3Rpva7e76Ag0cTklfglnlVop488/yK4Ee10XuBOil7AvRiYpMLsHEACQC1fjZObvToXFmru1tx31GYsmKK8oY/vtQEqT6jJirAcg//mEhm0TNzU/T/oPHDAbT+gJEy16FHuBWnb25hWhZTIXW9O4Ci1ZO6QE/khFzBmISo2NtQRTJaFNQev3TeGf0g7THuYvKTMzpCrX657l1/WjZ+IHEjAD/n25UdRNKQ7SE5Od/Kd4ONYkrbh1+CAimHdxfN6pgrmyMLDejAwCffvlNiVeSqzJIlSzXsNYM0Ntb5q9koWUwZxlSkvaovKAX/qFDZwoHbFeljjxRsl1oJ9DF53EL1qm6jrBQNhgBD6g6aeb00RgOKrR4OjRpkbAxx7cnjpWxXljGtGrHaoR1+uqlZUlqkjTuOOhDiEdRaZ3z60UDZcqMrNgKRnlJ0ISQ5Hr7guVI+DFhdMr8q9Ig/XJhDFHNxK13xQuwNXG1bAMzkxX70q5h4BOqYF4xN2VAZe7b9+WwR+Od3t4dI8LdLfGRXhJDuEJCpYyeF/CSITVID5CwZnIHkftpa2v447Ji6yoZWINUbuIdJXMT+nqTIj1M/Zg31FZAAbxr2dcE6+II0vXnzRWzUk07xGZdD+mMXLbcnpxb91rThtUPbYoEPqUSmWRpWfCxXQm/tiEVCB2ASbvJblsG7U9GvP1yPN9z3VjBF8wVAxNf8N2hXQ+plOMbEOzb/CyV/54yaA1IMmCWvwjOqBqcAWqzV3su/yevRfo1rywQWiw6OYfOIpY5WJGK71ORUQTYQqPUvZghJgEqSO0ZvLeEWuD1Hc1qftmYXLgGkFSCFsOHRFs+kSUTpHuEqrKaK2O7AlrA8q/0z8fc7Bgd/iEVaRs4wc9dMYZz7l5daTtUJfMAhp7B5Wbt3nhQB8tYRSN7QWHcCW9I/ZYlPp5fsTEtBLzVBoMDBXx6PGP/SgRo77FUh9lvQvjfcvjXKLIkCQVDkzxPNAPnow0MXLjgI4cMP7kXqDqyqy/UH0cKZrIBWn/sxQf6LjMk5FH8OkLjV0cqIjYXibqR/8pGjxZETB1H9XTcKxbnMJGekmJpWHIT03NznmAP2zdwa0lcbDru3/vxIOKRROXBp1mqvZhOtvA92Cn4LTBT2M5eT3wur5hZTB5JdZSnMMB9vjFmRqzyovB22qjXb8eEgyzuPt1V8ZffUnjwhgOF+RBclIWLoSpMvEJvWH5Y2lisjWsLoUuYhpRneu5dsHc8TZ3HMgYYTYXBJS+l0aClidz3ANYhk0S5kM7yrwAVVYfPzEEMpURwHuRmuX3i626YwThyB5GKxdChKFBLXBsfa+tvhrfF2R4KixaIGDJNYH5/TLjj0C7KUHsHB4CsVf6981llB73aUSdAXwfydVq7ALquXapKS6PoniBKzoDek1+B9eSQTP0QddXDJk/9Oh7X0t6/V547bLu2bKCfAtjy73m7xCPFhdQuwmb1xbbXBOxCUFjP7v/90YnA4/feH9dYS5jVwImj2IycdJ4NweqRBdZQ8Wn6bv7Yc6E4SpKp+OqX06Dsj7yE/eKVTSBB5MWMaxmOVDilRIgHZiupEp8v9OfGKr+MkAvHqxxd9NkmymOSDcXZswCW68XIxuYvvjC5C2d4mqTOsWou++EE7S4ztI6FeXEKqx0mV8e6cVpCGHUE1POXv3sJaZRE+lK7LpAFoX2eAZ0JK0ZZKrA51VtcS+aiiG9Zi414Gu1VqqvPL+aaZ5wICi/iioUEGYDcxilJj1JeHPw8d+fH0Dm9vy/Qdd8cJ+eGQxJRKimHFzu9DsZgcSDAl71bX6goOJffzXgc18Ua+ztZTlaz6NLY4A3Axdso5IUMmJaE0B6p+uHcKMTv/xQmDLSqK9l0kbml11YW7zuP9Ct9DoP98zxs1qwhcwWitEV7n5oOwDGUcgCNfhzzs/984YsPrCOCYIB6fuJe1DL3ZCnc4qPE0VN6L4hqjDElfpvQ0qYtxIt+DLhJ5ZoEWni2Z9Fe+G1r6GbCJ1U1IBKl9u9ZwQNKPiiTcQmyj4ZgaR+aOtmylJpWEWCovUKjNz5gTljYT5Oils9QEMQmKAmZgj5aPr/s7yx4El7VZXMnVj61loZVvUwnsL3oti+S3YzxLhvD+j5dl41FfEaqhq90hMmWCYNUVPaEPKBvYewYsjasCUp+Q2X5EnMqFhBQx3xhtjgilbbrFIsL9je/QZ6YEsOG6TgHzGqkjmUygu1gX8wgcPf4uzTwTxEU3uHRKFfjDf4p1KDZFjvzDLoBnTFCWaBcYQpg6fTTJsqnHMkgMoOI+QSEogwUkvGP/XjiBqMju/chck76jYCcA8Te5Pj8EBbMrDEoESFvmwSbsczK7szxrCJKg1IETpaiuM+9JgXTYlX8kcBDHAU8VOz3u0qFuzxnrMVP5bxHqNqvAjO/VYbhh+Nv7/38XpMDY+H18AyIgQp3lUcwAdZ+won/eydqxLjZPaU9iWeLEr7pMcXhOvXuGgcHjq6dPnUh047jDkedOAMGI/ebwCNzwDArt9eE80VcSEPNBPIf+YtDWboZ6Pi8E/JLa1BnLAFv51IR0IuNbY/fqWzxJl6H/w7VGeTB8k/0w/UrGbW3/gJB1Cv0Pl8CqLif/7aRLVW7P387n+bjRFr4Wl5Hl9SkuHjjOkGZOzdkhKN2u4POkNG3nwBe6i+Y6es0tkT5lfHv8Ka1MANb/iYfd0SJ4Qchw92fHQIL0n+hEnEuzNhOW3rPkhjpfMAqWw8PpisIp1o8hOPTMp/BThq7xHJskdalEBl6PNsRGdmDHt/3Olv6cc8whRjb80ZYy/SgegiLnTnX47mVRu1UWTs5RGcJnASm4kkr74TrPBJVqjom9we+x7TN9wYBZy1WWFJIhUSWiqmd6hjNKCTP5rPVa2pgELhWIqrzte72YTy0gIk5wGbgcp+1DFIexa98XcrXAbVFcZW+evgZ0OO1vedoIck89eS0nZgqUhIJcO1KjR/mai76Z8xhMdqo98ghWwufdD0776bEkUDDaIbQVtW882jz4nk8rrERuDaB32typd8ko/7IdTAisrYWOBH+l6Z+mWpnhX32kovJv9lwc3/3WHC2JveqT2g6FSp9RGDbFnaOQ3/psC5RTf09E+S6s9XCqBwck2Ga3TX9icrURwybibVPo4m1d8Ga6JbIirBbJm6j1p5TCjzbZ4Jo3TaarFlOx0zSJEeSUFvZ1V0ELbjfSVggqI/e2sjHPFzZdKWYQbsrduT26uekHSL3i3GrA6T4ydp49632/3tkC48Y1pr8lb6e+nCzHZMxrNJwUeLPxgsGX8BaRtb5t29SwF+YRYWsYyC9g9uUXJ2vQmHpGDr9SjFgsdMQh+JZojisS+njV+/L/+yJxvDzBYUFGk8YULaGqmg/56O9+I/fvnUZj7bUpTKhzA6r2IN/tZsNIupRucA4UxscS6sn0MFxN4aEXPL0Q8qJZsdZOEog5aqIT4Koy+KKGPIplsukJHgmZIj338c/yFluZqsd0iC9X27musp+8hlMGyrSXJHy12rEYwnhDfpwzO51ehhlaphSg/i57lM+l/5mVHRzyWthQsEhRBTjjwYnQQlpq1+1faCaCy66odkt9lVp2zjR9Yrt5ZADMGemuTI1ST+WQgZ9HbaDqIVO7i/spKpdFJN9HrTH27iF2KNdHkfHziBVU6k3c+VeDCtjYMOVjXVsn1P6CpM+/ddzK25RVRTQS0EaviWnuxLUa4ZOM4rUjX5+Wzvf+iBArK3tDBR/Ii585X5UmS7sPohSNqpgQ1xs0cay76bYJl1Zzyy57kzaKH7k2fX4WioWNTjrRCrAsIYAUzybAkA3Hgg/cM7gN+Vom40MVGxeTyIf4LSmejouMN4l67ED5sPOhKAoQqlLascisVoUvwG3Kod4EDUHREia49R7rMbF8vjzBjy75dFJ8ibjMjYXWk3NSuNM3rwo2QKXs+O1oeV45oyHUUVZez7xU5ySEn2axU5MLLGJY+hZij06Ih6+7HWDMb/o8bptjr8/UeisE+Q7/3j3DpJl5tSTp7snEB1PgwM9z8wuAx2RgLhJo/bgT2jF/jg4ZYDPuAju4koR0Z0b/mx0YbY0vNRO0toPwVG9SqPWaj0H0U1BpnX6sEnbG3JaQj6rpbvtyfjgNSy+iA4OY41XGM4X/riRaAi1h8sxvsQ0vI9cxbsmSUjDT8WKdrsIC6sDChUi4JGJnTki/McDDMEUwmYtIGzGApJYxKnVfDajag7VbcHeH5J6mAbalDOVMXgA/gWz8HtqbHBIxwZUoTHQABKitVsWfESF72mJ0KbA4EyCjXFwGxySnJUw7yN6/JO/rStrTGGwAlrj6d0SYlFrEnnNDuggiP+lTGPdRo18GugHkcWibTsN1XUSIE1mnBRLu1zt+M647itAsL4TzHRhuzrOCr5QflkA0zJYdD1qPuaY1STRcyuOe58LqxvAjZ51hOHOJaj88sS8yJd58nr4vEhoeLbkFv9VjYrw6OcYdQczW+WYHnIXQPsgkL50PICvqJAE8g4f2wIoJzzjXfpjJoU2RBYm2PDxWlldvBq2LIfHRFNW82+FwhDroL1s2LOgImlH6oGkGCXmyJN2oBrKRXBPOrKhJoNGaP4uxi/y7UV7g8oOhYaa7g7C3827d43H/W9XZDZVC+RBQ01jYvlLk+CttnRZIFkJurjf7hD/GhWU/eHq/c8FFLyyI60w50TSpRQiy+/QDlzyJvC5rufkHw+nJrOy8bmQsK9XM4/fgXC+JTBo21fwld0obuGglyAKI3GVvLk4G/xkEfby2Czr7SBjFaGZejATVuNOAHIK2Ivw5YT7v7Zfg2XCWKsHqHpkyX9WTAf9a47xn7Ve9D0QgZLZ7euj4FwwNbokQfxUlu2xNMCqoTL2ka5hccgX0iD7KgFHkWs9Olh4+U5YHh9viT1ELiwFcGz5BgoDQNpWm7/yiScNO22xbNYcImq8Gjvv0zT1svQ7MuQiRmoj1Yr6+1hLK7orKWxyFJ/AFi5LvBmkhhzNzga0SVL1QerLNFeCVcmoP7BgMjT1iSgfi8wT71HI7dHuF0nxo+BYwFZ6LwAgbis9NQwMx3NhWcreX1vdDTDNCu0lEluIQKpJi9JuM9HwyVy3CQZAS59LI9NK6CMejCXRcWGNepcz19Bz7/vpiI7+xXWRRBA7ibxVvTbg6HpDrMJnWPsvXB3tRyFD57AamR1WEJqgZd44xuT+I4MGQy4UXsZbk+82VcPBZxGy+t+MLfgMOtReOaTMN3LV7FzDpSyk8Tb9HKjt99eOjkHaMAlutZ3TsHKP0V+pMO6k/VsXUCBwqaC0AUdQWtsEjWGAH+ULbQptuo0BxKcCDL2SmO8TuFYYo6mDtz0TcR3mR8++8gPBNJl2gsxe1nzt06u5VWN/TVa/Mg2qpy1OXNIhw/cV6x1mZizpSVnuZdovedseG5vbhW2eh0jTi5eM/5YW6W7xxNxROzjsKUXukXAlQ5tobkqXaol8PYiKk/g9vrPyBwwLe7KgNC/eo3mcxKlnTCogQPfCgj52Xm4McOgwtL/o8QMpC+XYmtQFEvDgGvwPzduuB63OPH3nm2e1Oa1n0J96u2qllYzCwJr2cSooGiBh0BTkrpNDhhC5Y/5K1vfLurGUsvAB+i8L9+rQVMz70hHQqFFmNnMG+w4FBR8gEywa+8K06LIbvDdRv9zwsoJrdt6x+MgGTP+04F3KNmQRt6ln0LfWE/zxg5lWP5LhLdkOVqD3sfhix3LrOUclC5zt7G1who60Bp62ysc9jYeyG8Gadypex0ekTCOyM/FfxtBsk8RcFvw9sbCwP7olZoZyt17gwb7q/36qlM/ZSDqbC0XK3LR7gFo+a5Kcl3gSjfnynHTt0Yqrhu+1/1oc4WMTd72w2p8DLh22aM2uQvefXUJ1sjecvSIjC2fXVodDLG8FEQnmVxA4XLYSsuvxK1iPJFI8jcY+74w3PejisJ6+OaGYc1qUkwwab9QunQyK7Ox4aAl4nAzz8cP3XUAYWdeM2MUuikf+Ybe56udCJLeZCsGszUimYQd4BJlYiojDACLwVUpwRk+G7urWlCDMI38Q/LVyRKFHyIegrrlCLRPO81iHD6hMRnfpyiJItikgHK2KcmMoX4gZjXDUs6Indm6FzZ3+EJXinFkIjjWxFQQBmPWC1CjPdHBuMGGgw/HOVQbcWd+I05pTOPMZQoCoI2+7XVoQe7IhL7ao8YKaJ8HEyG3aHl88/8tWExSma6YOU/ubaD88RztIWrytXK/w41fCs1qryzXW2+tOFoSO/644DWqq+YTbzoCbiv7DWqMv6HCD/7UMbSw04sU+IeLBTO9Vr8k1k9MNQKtL2cHZlJEJHagdGQgJO5Y84wXi7bLKs0YPBtPqfIuW3A1F1PwBnl61KbuCJlz4bulcWHl3yjXrReQPqs8/h1YSP/Vd5vvFTyEh1NFC02Z+rO6KVYLG7TuQwGjpJaa07Ys41x/nn970VKiqVrg4ohSUcw1y+vXpYvdiA6Hfo/wtgG3HzcH6hLvLTrmwGjH7t5eq70jYukQFAdllwecLmmTXrL1rFkNJiyq6ciDAtUoOUwquUX1SbnkDHnI+MWHKEZEJj1PYHb0zj9RqxxLTdroM6klDAuJ5bXFggzFTW5g4G+FbWI75kqJlV715EIqckTsm6h7HhVEZQ3FAiqJUTB1TMZEZWukR7WaFfuF9aTKB9+HIMjVXRHcalL9ZFjcRgiG0AqSI/BSkVkZiLxKdRyOubuE2mFPT1vLU1ua2L82JqA2IWzjM/FSJx6QCB5U27FrEdVQIel3iI6UDFifNvtPUlRkxvfE7Za41SIiafWbh3j++SztfiDoOWXLJ/pL6uFSOsTz9hrogggaNe39ND5+IEAm2WlM/MVB/pCn0vjA8js6LcsPO0PrWhwdqxOCj8+BoEo3DSLZ3iHY2wEJJ48gVZ2rthvb/UBSpmtYbbz3D4pbyZy1IJSN8Q62w8uABOkNijQ53oryRJjWBs3teLbvw++OfEzEchQzTE6S6IGz+p9oTvynzYmetvTB9O17CK+N0z7g5CzPHnKIM+EGvofsjhTaVo1tNk/wm4AdN2IQLOtSjdBpDa9Bom9p6CND4o0PGif1/BcTNCNwqYgLbZ2OPTVWXHdcohdDuHm10gRqfeFeZXX72nnkx16Y6GoOIWqHE9pPhURkaaOunSNSNsgYtG8C3A1HRwchlooNayV2409Qq0fm2N2+wafGLYZJvKzSLG4004UyV8qATTtWK+ogYvu44ly2QpE4LmJ9l6zuOdyVjm5FUtgyI2ftda5BWH+rcegX65QrF4Yt+P3Sck6f4NK0zgStLWq0hcqBF0e0uJ5daufEuhB037GqZN7CaEhnTm4WEIBUbkGpQ/F/OPrrW4h/WbuIAGo/AXqSbkYamg+zItx9diXPnFpkQWIbr1+kjjeb4Ga/gEa0mdXwe2CT+xKZZ8btysDOEsJvOShAZqrrypDAxd/zjpoa3bu/z/ucY464Km3ynA1surP1FaMoHYfqgcjdY1Df1uX+UNAujEx1DdB/g8z+8oczwh9HX9wBHGEv9PqFbv3XTWZoFFPHHNSxj7iYz/NVAon149Qhystwht8LxICc4EYqIB+sNw99A2dgCP/0Rb7gSfrg1snj7jFOA66MrV859QIjT4HJ2Kj+E80TNcfQ4/wcUJIZyyeCz7LoBUMsaMk/LGAhebolUg8DlSfYLmCRxLn6dDpZXZgf+ti4PNnnWgP86rsFBsRUqCZbFgk2QCfjTE2P3Gs2fNnGlKtPLamAYbmj1VYLALUjj9tRL9KFbHitLqkKJr/u6dNQsAw+jE80yQjxl9w9BmD5Xzj3POcFc8pvBtxAej7ggmpmSAbNqCSHv6YJ4a6l+jibflN87gscEtFSk0YHPrORJWFRlHzSBZpiTYEbjzA0qJznxGWRRbNmivo3/uKpHQvlu0vJdohQ4wIVbEHJ77SbYmiNnylJiE2dGyLvox1j4c6TZsz9dPfsq7D3n/q5Q5GoLL4L1ZV/wIz2zQfcKlvZUYMZENGOSaPmzUs2bCQgfg2LSPzmS4jIu3lCiWUw1usyi6yV+n5lnS/G2K/+WKOU/FMew4KW24Oe9Nf2fspt0Q+NjkFihKzQKCs7Ffm6JdDSUjlrfwvpmUqsOnJp0w0eK3hfUQUWH73NepAsXzyy4qHOadVg8f50XeXjWWa2EqFnjcZFlknb2O0S4Lj3yyc7G2DEfl5r7tpjytIMVdbgaTaW6FtB2iWg83uQUKo0bDMrDfAsQ4Tg/Hh2erhi+OOVSnRo06T0J1F87QUkW9UT62ZEVXETKKB4JV6moODJjV3AfFCgAJqCICPONX8ty0dSvEJmv+STu+o0Xpdv/sm+OXL30S1xvvt9gLyOSo/ptDidm8Lq+RLx0lHbo/A6q3qB5pQBTNv6Y+ls4+z0BSMgORN8JmikP3R6Yv/BJMDzerJmbctBy5HONDi9QJwWP2D9ZHkSOZffD+H2u/0Lk/nxsD53fwmSZdJJXj0uWL+tQq2xllUte8O2ibXwJlpNio83VM4141JdQkcl1ggoBvUUs/ZjTbHV7xc62VzP35Gy8Q3Ftgm4OKxecDVvjfJPNI1XVzkdJ4jEbWucx60TABBR3NLKor+PDaQ/05UvI0NcGOAGMngCseuusRHqZvYDjYg3kXUOExebQjxDLvrM8lz2cuZ/yhjjP/bdgVRNv/0Jbuya4QOR6ttiZrMBIPdhzot/icX6MJSOLmauuM95mCf3Ykq7Jbf41Fna8YYY7jHgfmBxkR1PUH8iiNi7FeTz/7VfWZOnC2vxoMEoje4xdSimmRbMSUcxH0Jy1AftlX70JybAZVJkSc7qus40/OBETkgbOXOp50Oyji+z8Y+HH3AOD9mRttAJP8nZShKGcb5Rc5/jJCr3T5klv7t2ihtB165HPsecftNfFl/hSy/VJGTNGnqNUU8uut8S/czeoLnG3QW2PrEfR1mJCu0bHJ6J8BQwYRju4MM4Teo7B+k0V2wb7nYYCaY2l/nWYyf3r5eRFGKJ8K5ajLzQ7MrUSZRDQpGcto+1piI21GdwCPDBKC+DPUh2qAeHSZKACd4QvP5DRqT9y/BJu394pGjTOh4DDZ2spVoPx5nxznNgDZ98mbHI7YDjF0RHqb63kejLg+o7kGlwghEYuu4aMn8cUbdsMOKOZbys/bWILpclS5VB2mWizx78/ME88nlliohkIxnAbzWdN3wagkIauntv9UoAOXCbK8EYInZG80PYgIKRCyo9TPPBnd+2JMiDM8hZ2oi3OWcyNR8Gpl1f5i3CxFSla9yI6H6TpoakKhNVrDgzutB/y3f3k52UWIC9IzRRrK+8F2CoTsJ6WQU1253P8BY0piAmhDywg9elGOVZN4cXpsbXqOouD1IWWJ8upyry7ccUL1+hcFnOTOTjFJqEAcXFt+C0s+24xDhpFbzfc02h2hoESw71GlfhDKMQgtXW+WNmexfwtE3eF+zBP43ZLqRH7myj5apgMziKNhfPzJ3yyptODmqEnTanz96UthOqB1ogtfdgexpHIanYcGW4/9uM1fAW4cDst3RBmKkdQ63UmNZ9XWnSNBBo2HqPaOt08TlYK4/jvE7j5HDdTmT08PbcSKFb7lq89fcDBVPkc5pdiGmGmLUYrTFo9YKK7Xcea5SvlcFfOXWFm+Y9ATjVzitM2fHMuL0DXhsrtk8Zg0iYjy077vAGTE63zGpSa8NUlUwED+DyzSzfVtQ9gYv0RtvkKM15Nho4pUWlEbizkiTqKdeNKV996cSD31QLtZQrZ5qP2DempIz2Ot/3IlgbXfhrv27PDAbKR3FSstKbp2nH1oO+em7TyG1zdHOj3h25RLeix1BDLl3aVjrzLk46ol15XXSPTQw87D/TgZNyCLpNj9Z+GGhArJ8V+glLgudGHw14Knsl2Y57KEVjpO7v0DBP4x5AvLnYhlkb0nYniBpY9T9aAFgJt3pgGqllOZohqDFJG9EQI7g1MWQEHHxWuk+c7dkFZkyr/8d3Peaqe8Ybzb5aqOjs1Tae5JCMxn1aw3rmgU75704bwfoMKlhCwv+ad099JuetWzMyocGEX2AZOCDpSdSw7LeqaFE9ebBMMnF2/3Dz4ukCLQ+UqmnnA2MmGjvxXOrdkfQx8JRy+tGXASTmelMCVwNa6zpBv9K6pINB1amNnDFrPgQ/wQS7MS6HNHsfuYhWvAXNv9JaQZytOVlVxJFKGIwR5sCwgfm68I5AHiPPXiya8lUHuD4gn/x0tTgY4JG8dhudQx9fPEpLcZB7JPJugwexbRLYq1kCwtYT9b2ZCoziy9S6G5CjrVyP3nxWryFCdyVy0FAUMf/eyX+hzHF4NnFktVAkDEJRqcgPr+MDYKAyvTVcsDLdoNE/UA5JRTTSkWuUyVreXO18gOjlKihesuqJgNf4Hsk64jpIoOoAGaFny7saexz46XIGhmegM6jD2KseXj8tHIGvgiEIJWg78nU9DHiggB91yPRyCAIHLouGTa5jQ2RCS+UfY0ge0fMt+5mCdTUfFTWZvdQedpd5EAr1A8oGLpo9gZniOaZJJm6BT2CJvmeYzsra60GHTjW1KQ==